// !$*UTF8*$!
{
	archiveVersion = 1;
	classes = {
	};
	objectVersion = 77;
	objects = {

/* Begin PBXContainerItemProxy section */
		2577DAF82DA6196E00B9A88E /* PBXContainerItemProxy */ = {
			isa = PBXContainerItemProxy;
			containerPortal = 2577DAD92DA6196D00B9A88E /* Project object */;
			proxyType = 1;
			remoteGlobalIDString = 2577DAE02DA6196D00B9A88E;
			remoteInfo = pre_work;
		};
		2577DB022DA6196E00B9A88E /* PBXContainerItemProxy */ = {
			isa = PBXContainerItemProxy;
			containerPortal = 2577DAD92DA6196D00B9A88E /* Project object */;
			proxyType = 1;
			remoteGlobalIDString = 2577DAE02DA6196D00B9A88E;
			remoteInfo = pre_work;
		};
/* End PBXContainerItemProxy section */

/* Begin PBXFileReference section */
		2577DAE12DA6196D00B9A88E /* pre_work.app */ = {isa = PBXFileReference; explicitFileType = wrapper.application; includeInIndex = 0; path = pre_work.app; sourceTree = BUILT_PRODUCTS_DIR; };
		2577DAF72DA6196E00B9A88E /* pre_workTests.xctest */ = {isa = PBXFileReference; explicitFileType = wrapper.cfbundle; includeInIndex = 0; path = pre_workTests.xctest; sourceTree = BUILT_PRODUCTS_DIR; };
		2577DB012DA6196E00B9A88E /* pre_workUITests.xctest */ = {isa = PBXFileReference; explicitFileType = wrapper.cfbundle; includeInIndex = 0; path = pre_workUITests.xctest; sourceTree = BUILT_PRODUCTS_DIR; };
/* End PBXFileReference section */

/* Begin PBXFileSystemSynchronizedBuildFileExceptionSet section */
		2577DB092DA6196E00B9A88E /* Exceptions for "pre_work" folder in "pre_work" target */ = {
			isa = PBXFileSystemSynchronizedBuildFileExceptionSet;
			membershipExceptions = (
				Info.plist,
			);
			target = 2577DAE02DA6196D00B9A88E /* pre_work */;
		};
/* End PBXFileSystemSynchronizedBuildFileExceptionSet section */

/* Begin PBXFileSystemSynchronizedRootGroup section */
		2577DAE32DA6196D00B9A88E /* pre_work */ = {
			isa = PBXFileSystemSynchronizedRootGroup;
			exceptions = (
				2577DB092DA6196E00B9A88E /* Exceptions for "pre_work" folder in "pre_work" target */,
			);
			path = pre_work;
			sourceTree = "<group>";
		};
		2577DAFA2DA6196E00B9A88E /* pre_workTests */ = {
			isa = PBXFileSystemSynchronizedRootGroup;
			path = pre_workTests;
			sourceTree = "<group>";
		};
		2577DB042DA6196E00B9A88E /* pre_workUITests */ = {
			isa = PBXFileSystemSynchronizedRootGroup;
			path = pre_workUITests;
			sourceTree = "<group>";
		};
/* End PBXFileSystemSynchronizedRootGroup section */

/* Begin PBXFrameworksBuildPhase section */
		2577DADE2DA6196D00B9A88E /* Frameworks */ = {
			isa = PBXFrameworksBuildPhase;
			buildActionMask = 2147483647;
			files = (
			);
			runOnlyForDeploymentPostprocessing = 0;
		};
		2577DAF42DA6196E00B9A88E /* Frameworks */ = {
			isa = PBXFrameworksBuildPhase;
			buildActionMask = 2147483647;
			files = (
			);
			runOnlyForDeploymentPostprocessing = 0;
		};
		2577DAFE2DA6196E00B9A88E /* Frameworks */ = {
			isa = PBXFrameworksBuildPhase;
			buildActionMask = 2147483647;
			files = (
			);
			runOnlyForDeploymentPostprocessing = 0;
		};
/* End PBXFrameworksBuildPhase section */

/* Begin PBXGroup section */
		2577DAD82DA6196D00B9A88E = {
			isa = PBXGroup;
			children = (
				2577DAE32DA6196D00B9A88E /* pre_work */,
				2577DAFA2DA6196E00B9A88E /* pre_workTests */,
				2577DB042DA6196E00B9A88E /* pre_workUITests */,
				2577DAE22DA6196D00B9A88E /* Products */,
			);
			sourceTree = "<group>";
		};
		2577DAE22DA6196D00B9A88E /* Products */ = {
			isa = PBXGroup;
			children = (
				2577DAE12DA6196D00B9A88E /* pre_work.app */,
				2577DAF72DA6196E00B9A88E /* pre_workTests.xctest */,
				2577DB012DA6196E00B9A88E /* pre_workUITests.xctest */,
			);
			name = Products;
			sourceTree = "<group>";
		};
/* End PBXGroup section */

/* Begin PBXNativeTarget section */
		2577DAE02DA6196D00B9A88E /* pre_work */ = {
			isa = PBXNativeTarget;
			buildConfigurationList = 2577DB0A2DA6196E00B9A88E /* Build configuration list for PBXNativeTarget "pre_work" */;
			buildPhases = (
				2577DADD2DA6196D00B9A88E /* Sources */,
				2577DADE2DA6196D00B9A88E /* Frameworks */,
				2577DADF2DA6196D00B9A88E /* Resources */,
			);
			buildRules = (
			);
			dependencies = (
			);
			fileSystemSynchronizedGroups = (
				2577DAE32DA6196D00B9A88E /* pre_work */,
			);
			name = pre_work;
			packageProductDependencies = (
			);
			productName = pre_work;
			productReference = 2577DAE12DA6196D00B9A88E /* pre_work.app */;
			productType = "com.apple.product-type.application";
		};
		2577DAF62DA6196E00B9A88E /* pre_workTests */ = {
			isa = PBXNativeTarget;
			buildConfigurationList = 2577DB0F2DA6196E00B9A88E /* Build configuration list for PBXNativeTarget "pre_workTests" */;
			buildPhases = (
				2577DAF32DA6196E00B9A88E /* Sources */,
				2577DAF42DA6196E00B9A88E /* Frameworks */,
				2577DAF52DA6196E00B9A88E /* Resources */,
			);
			buildRules = (
			);
			dependencies = (
				2577DAF92DA6196E00B9A88E /* PBXTargetDependency */,
			);
			fileSystemSynchronizedGroups = (
				2577DAFA2DA6196E00B9A88E /* pre_workTests */,
			);
			name = pre_workTests;
			packageProductDependencies = (
			);
			productName = pre_workTests;
			productReference = 2577DAF72DA6196E00B9A88E /* pre_workTests.xctest */;
			productType = "com.apple.product-type.bundle.unit-test";
		};
		2577DB002DA6196E00B9A88E /* pre_workUITests */ = {
			isa = PBXNativeTarget;
			buildConfigurationList = 2577DB122DA6196E00B9A88E /* Build configuration list for PBXNativeTarget "pre_workUITests" */;
			buildPhases = (
				2577DAFD2DA6196E00B9A88E /* Sources */,
				2577DAFE2DA6196E00B9A88E /* Frameworks */,
				2577DAFF2DA6196E00B9A88E /* Resources */,
			);
			buildRules = (
			);
			dependencies = (
				2577DB032DA6196E00B9A88E /* PBXTargetDependency */,
			);
			fileSystemSynchronizedGroups = (
				2577DB042DA6196E00B9A88E /* pre_workUITests */,
			);
			name = pre_workUITests;
			packageProductDependencies = (
			);
			productName = pre_workUITests;
			productReference = 2577DB012DA6196E00B9A88E /* pre_workUITests.xctest */;
			productType = "com.apple.product-type.bundle.ui-testing";
		};
/* End PBXNativeTarget section */

/* Begin PBXProject section */
		2577DAD92DA6196D00B9A88E /* Project object */ = {
			isa = PBXProject;
			attributes = {
				BuildIndependentTargetsInParallel = 1;
				LastSwiftUpdateCheck = 1630;
				LastUpgradeCheck = 1630;
				TargetAttributes = {
					2577DAE02DA6196D00B9A88E = {
						CreatedOnToolsVersion = 16.3;
					};
					2577DAF62DA6196E00B9A88E = {
						CreatedOnToolsVersion = 16.3;
						TestTargetID = 2577DAE02DA6196D00B9A88E;
					};
					2577DB002DA6196E00B9A88E = {
						CreatedOnToolsVersion = 16.3;
						TestTargetID = 2577DAE02DA6196D00B9A88E;
					};
				};
			};
			buildConfigurationList = 2577DADC2DA6196D00B9A88E /* Build configuration list for PBXProject "pre_work" */;
			developmentRegion = en;
			hasScannedForEncodings = 0;
			knownRegions = (
				en,
				Base,
			);
			mainGroup = 2577DAD82DA6196D00B9A88E;
			minimizedProjectReferenceProxies = 1;
			preferredProjectObjectVersion = 77;
			productRefGroup = 2577DAE22DA6196D00B9A88E /* Products */;
			projectDirPath = "";
			projectRoot = "";
			targets = (
				2577DAE02DA6196D00B9A88E /* pre_work */,
				2577DAF62DA6196E00B9A88E /* pre_workTests */,
				2577DB002DA6196E00B9A88E /* pre_workUITests */,
			);
		};
/* End PBXProject section */

/* Begin PBXResourcesBuildPhase section */
		2577DADF2DA6196D00B9A88E /* Resources */ = {
			isa = PBXResourcesBuildPhase;
			buildActionMask = 2147483647;
			files = (
			);
			runOnlyForDeploymentPostprocessing = 0;
		};
		2577DAF52DA6196E00B9A88E /* Resources */ = {
			isa = PBXResourcesBuildPhase;
			buildActionMask = 2147483647;
			files = (
			);
			runOnlyForDeploymentPostprocessing = 0;
		};
		2577DAFF2DA6196E00B9A88E /* Resources */ = {
			isa = PBXResourcesBuildPhase;
			buildActionMask = 2147483647;
			files = (
			);
			runOnlyForDeploymentPostprocessing = 0;
		};
/* End PBXResourcesBuildPhase section */

/* Begin PBXSourcesBuildPhase section */
		2577DADD2DA6196D00B9A88E /* Sources */ = {
			isa = PBXSourcesBuildPhase;
			buildActionMask = 2147483647;
			files = (
			);
			runOnlyForDeploymentPostprocessing = 0;
		};
		2577DAF32DA6196E00B9A88E /* Sources */ = {
			isa = PBXSourcesBuildPhase;
			buildActionMask = 2147483647;
			files = (
			);
			runOnlyForDeploymentPostprocessing = 0;
		};
		2577DAFD2DA6196E00B9A88E /* Sources */ = {
			isa = PBXSourcesBuildPhase;
			buildActionMask = 2147483647;
			files = (
			);
			runOnlyForDeploymentPostprocessing = 0;
		};
/* End PBXSourcesBuildPhase section */

/* Begin PBXTargetDependency section */
		2577DAF92DA6196E00B9A88E /* PBXTargetDependency */ = {
			isa = PBXTargetDependency;
			target = 2577DAE02DA6196D00B9A88E /* pre_work */;
			targetProxy = 2577DAF82DA6196E00B9A88E /* PBXContainerItemProxy */;
		};
		2577DB032DA6196E00B9A88E /* PBXTargetDependency */ = {
			isa = PBXTargetDependency;
			target = 2577DAE02DA6196D00B9A88E /* pre_work */;
			targetProxy = 2577DB022DA6196E00B9A88E /* PBXContainerItemProxy */;
		};
/* End PBXTargetDependency section */

/* Begin XCBuildConfiguration section */
		2577DB0B2DA6196E00B9A88E /* Debug */ = {
			isa = XCBuildConfiguration;
			buildSettings = {
				ASSETCATALOG_COMPILER_APPICON_NAME = AppIcon;
				ASSETCATALOG_COMPILER_GLOBAL_ACCENT_COLOR_NAME = AccentColor;
				CODE_SIGN_STYLE = Automatic;
				CURRENT_PROJECT_VERSION = 1;
				GENERATE_INFOPLIST_FILE = YES;
				INFOPLIST_FILE = pre_work/Info.plist;
				INFOPLIST_KEY_UIApplicationSupportsIndirectInputEvents = YES;
				INFOPLIST_KEY_UILaunchStoryboardName = LaunchScreen;
				INFOPLIST_KEY_UIMainStoryboardFile = Main;
				INFOPLIST_KEY_UISupportedInterfaceOrientations_iPad = "UIInterfaceOrientationPortrait UIInterfaceOrientationPortraitUpsideDown UIInterfaceOrientationLandscapeLeft UIInterfaceOrientationLandscapeRight";
				INFOPLIST_KEY_UISupportedInterfaceOrientations_iPhone = "UIInterfaceOrientationPortrait UIInterfaceOrientationLandscapeLeft UIInterfaceOrientationLandscapeRight";
				LD_RUNPATH_SEARCH_PATHS = (
					"$(inherited)",
					"@executable_path/Frameworks",
				);
				MARKETING_VERSION = 1.0;
				PRODUCT_BUNDLE_IDENTIFIER = "arng.pre-work";
				PRODUCT_NAME = "$(TARGET_NAME)";
				SWIFT_EMIT_LOC_STRINGS = YES;
				SWIFT_VERSION = 5.0;
				TARGETED_DEVICE_FAMILY = "1,2";
			};
			name = Debug;
		};
		2577DB0C2DA6196E00B9A88E /* Release */ = {
			isa = XCBuildConfiguration;
			buildSettings = {
				ASSETCATALOG_COMPILER_APPICON_NAME = AppIcon;
				ASSETCATALOG_COMPILER_GLOBAL_ACCENT_COLOR_NAME = AccentColor;
				CODE_SIGN_STYLE = Automatic;
				CURRENT_PROJECT_VERSION = 1;
				GENERATE_INFOPLIST_FILE = YES;
				INFOPLIST_FILE = pre_work/Info.plist;
				INFOPLIST_KEY_UIApplicationSupportsIndirectInputEvents = YES;
				INFOPLIST_KEY_UILaunchStoryboardName = LaunchScreen;
				INFOPLIST_KEY_UIMainStoryboardFile = Main;
				INFOPLIST_KEY_UISupportedInterfaceOrientations_iPad = "UIInterfaceOrientationPortrait UIInterfaceOrientationPortraitUpsideDown UIInterfaceOrientationLandscapeLeft UIInterfaceOrientationLandscapeRight";
				INFOPLIST_KEY_UISupportedInterfaceOrientations_iPhone = "UIInterfaceOrientationPortrait UIInterfaceOrientationLandscapeLeft UIInterfaceOrientationLandscapeRight";
				LD_RUNPATH_SEARCH_PATHS = (
					"$(inherited)",
					"@executable_path/Frameworks",
				);
				MARKETING_VERSION = 1.0;
				PRODUCT_BUNDLE_IDENTIFIER = "arng.pre-work";
				PRODUCT_NAME = "$(TARGET_NAME)";
				SWIFT_EMIT_LOC_STRINGS = YES;
				SWIFT_VERSION = 5.0;
				TARGETED_DEVICE_FAMILY = "1,2";
			};
			name = Release;
		};
		2577DB0D2DA6196E00B9A88E /* Debug */ = {
			isa = XCBuildConfiguration;
			buildSettings = {
				ALWAYS_SEARCH_USER_PATHS = NO;
				ASSETCATALOG_COMPILER_GENERATE_SWIFT_ASSET_SYMBOL_EXTENSIONS = YES;
				CLANG_ANALYZER_NONNULL = YES;
				CLANG_ANALYZER_NUMBER_OBJECT_CONVERSION = YES_AGGRESSIVE;
				CLANG_CXX_LANGUAGE_STANDARD = "gnu++20";
				CLANG_ENABLE_MODULES = YES;
				CLANG_ENABLE_OBJC_ARC = YES;
				CLANG_ENABLE_OBJC_WEAK = YES;
				CLANG_WARN_BLOCK_CAPTURE_AUTORELEASING = YES;
				CLANG_WARN_BOOL_CONVERSION = YES;
				CLANG_WARN_COMMA = YES;
				CLANG_WARN_CONSTANT_CONVERSION = YES;
				CLANG_WARN_DEPRECATED_OBJC_IMPLEMENTATIONS = YES;
				CLANG_WARN_DIRECT_OBJC_ISA_USAGE = YES_ERROR;
				CLANG_WARN_DOCUMENTATION_COMMENTS = YES;
				CLANG_WARN_EMPTY_BODY = YES;
				CLANG_WARN_ENUM_CONVERSION = YES;
				CLANG_WARN_INFINITE_RECURSION = YES;
				CLANG_WARN_INT_CONVERSION = YES;
				CLANG_WARN_NON_LITERAL_NULL_CONVERSION = YES;
				CLANG_WARN_OBJC_IMPLICIT_RETAIN_SELF = YES;
				CLANG_WARN_OBJC_LITERAL_CONVERSION = YES;
				CLANG_WARN_OBJC_ROOT_CLASS = YES_ERROR;
				CLANG_WARN_QUOTED_INCLUDE_IN_FRAMEWORK_HEADER = YES;
				CLANG_WARN_RANGE_LOOP_ANALYSIS = YES;
				CLANG_WARN_STRICT_PROTOTYPES = YES;
				CLANG_WARN_SUSPICIOUS_MOVE = YES;
				CLANG_WARN_UNGUARDED_AVAILABILITY = YES_AGGRESSIVE;
				CLANG_WARN_UNREACHABLE_CODE = YES;
				CLANG_WARN__DUPLICATE_METHOD_MATCH = YES;
				COPY_PHASE_STRIP = NO;
				DEBUG_INFORMATION_FORMAT = dwarf;
				ENABLE_STRICT_OBJC_MSGSEND = YES;
				ENABLE_TESTABILITY = YES;
				ENABLE_USER_SCRIPT_SANDBOXING = YES;
				GCC_C_LANGUAGE_STANDARD = gnu17;
				GCC_DYNAMIC_NO_PIC = NO;
				GCC_NO_COMMON_BLOCKS = YES;
				GCC_OPTIMIZATION_LEVEL = 0;
				GCC_PREPROCESSOR_DEFINITIONS = (
					"DEBUG=1",
					"$(inherited)",
				);
				GCC_WARN_64_TO_32_BIT_CONVERSION = YES;
				GCC_WARN_ABOUT_RETURN_TYPE = YES_ERROR;
				GCC_WARN_UNDECLARED_SELECTOR = YES;
				GCC_WARN_UNINITIALIZED_AUTOS = YES_AGGRESSIVE;
				GCC_WARN_UNUSED_FUNCTION = YES;
				GCC_WARN_UNUSED_VARIABLE = YES;
				IPHONEOS_DEPLOYMENT_TARGET = 18.4;
				LOCALIZATION_PREFERS_STRING_CATALOGS = YES;
				MTL_ENABLE_DEBUG_INFO = INCLUDE_SOURCE;
				MTL_FAST_MATH = YES;
				ONLY_ACTIVE_ARCH = YES;
				SDKROOT = iphoneos;
				SWIFT_ACTIVE_COMPILATION_CONDITIONS = "DEBUG $(inherited)";
				SWIFT_OPTIMIZATION_LEVEL = "-Onone";
			};
			name = Debug;
		};
		2577DB0E2DA6196E00B9A88E /* Release */ = {
			isa = XCBuildConfiguration;
			buildSettings = {
				ALWAYS_SEARCH_USER_PATHS = NO;
				ASSETCATALOG_COMPILER_GENERATE_SWIFT_ASSET_SYMBOL_EXTENSIONS = YES;
				CLANG_ANALYZER_NONNULL = YES;
				CLANG_ANALYZER_NUMBER_OBJECT_CONVERSION = YES_AGGRESSIVE;
				CLANG_CXX_LANGUAGE_STANDARD = "gnu++20";
				CLANG_ENABLE_MODULES = YES;
				CLANG_ENABLE_OBJC_ARC = YES;
				CLANG_ENABLE_OBJC_WEAK = YES;
				CLANG_WARN_BLOCK_CAPTURE_AUTORELEASING = YES;
				CLANG_WARN_BOOL_CONVERSION = YES;
				CLANG_WARN_COMMA = YES;
				CLANG_WARN_CONSTANT_CONVERSION = YES;
				CLANG_WARN_DEPRECATED_OBJC_IMPLEMENTATIONS = YES;
				CLANG_WARN_DIRECT_OBJC_ISA_USAGE = YES_ERROR;
				CLANG_WARN_DOCUMENTATION_COMMENTS = YES;
				CLANG_WARN_EMPTY_BODY = YES;
				CLANG_WARN_ENUM_CONVERSION = YES;
				CLANG_WARN_INFINITE_RECURSION = YES;
				CLANG_WARN_INT_CONVERSION = YES;
				CLANG_WARN_NON_LITERAL_NULL_CONVERSION = YES;
				CLANG_WARN_OBJC_IMPLICIT_RETAIN_SELF = YES;
				CLANG_WARN_OBJC_LITERAL_CONVERSION = YES;
				CLANG_WARN_OBJC_ROOT_CLASS = YES_ERROR;
				CLANG_WARN_QUOTED_INCLUDE_IN_FRAMEWORK_HEADER = YES;
				CLANG_WARN_RANGE_LOOP_ANALYSIS = YES;
				CLANG_WARN_STRICT_PROTOTYPES = YES;
				CLANG_WARN_SUSPICIOUS_MOVE = YES;
				CLANG_WARN_UNGUARDED_AVAILABILITY = YES_AGGRESSIVE;
				CLANG_WARN_UNREACHABLE_CODE = YES;
				CLANG_WARN__DUPLICATE_METHOD_MATCH = YES;
				COPY_PHASE_STRIP = NO;
				DEBUG_INFORMATION_FORMAT = "dwarf-with-dsym";
				ENABLE_NS_ASSERTIONS = NO;
				ENABLE_STRICT_OBJC_MSGSEND = YES;
				ENABLE_USER_SCRIPT_SANDBOXING = YES;
				GCC_C_LANGUAGE_STANDARD = gnu17;
				GCC_NO_COMMON_BLOCKS = YES;
				GCC_WARN_64_TO_32_BIT_CONVERSION = YES;
				GCC_WARN_ABOUT_RETURN_TYPE = YES_ERROR;
				GCC_WARN_UNDECLARED_SELECTOR = YES;
				GCC_WARN_UNINITIALIZED_AUTOS = YES_AGGRESSIVE;
				GCC_WARN_UNUSED_FUNCTION = YES;
				GCC_WARN_UNUSED_VARIABLE = YES;
				IPHONEOS_DEPLOYMENT_TARGET = 18.4;
				LOCALIZATION_PREFERS_STRING_CATALOGS = YES;
				MTL_ENABLE_DEBUG_INFO = NO;
				MTL_FAST_MATH = YES;
				SDKROOT = iphoneos;
				SWIFT_COMPILATION_MODE = wholemodule;
				VALIDATE_PRODUCT = YES;
			};
			name = Release;
		};
		2577DB102DA6196E00B9A88E /* Debug */ = {
			isa = XCBuildConfiguration;
			buildSettings = {
				BUNDLE_LOADER = "$(TEST_HOST)";
				CODE_SIGN_STYLE = Automatic;
				CURRENT_PROJECT_VERSION = 1;
				GENERATE_INFOPLIST_FILE = YES;
				IPHONEOS_DEPLOYMENT_TARGET = 18.4;
				MARKETING_VERSION = 1.0;
				PRODUCT_BUNDLE_IDENTIFIER = "arng.pre-workTests";
				PRODUCT_NAME = "$(TARGET_NAME)";
				SWIFT_EMIT_LOC_STRINGS = NO;
				SWIFT_VERSION = 5.0;
				TARGETED_DEVICE_FAMILY = "1,2";
				TEST_HOST = "$(BUILT_PRODUCTS_DIR)/pre_work.app/$(BUNDLE_EXECUTABLE_FOLDER_PATH)/pre_work";
			};
			name = Debug;
		};
		2577DB112DA6196E00B9A88E /* Release */ = {
			isa = XCBuildConfiguration;
			buildSettings = {
				BUNDLE_LOADER = "$(TEST_HOST)";
				CODE_SIGN_STYLE = Automatic;
				CURRENT_PROJECT_VERSION = 1;
				GENERATE_INFOPLIST_FILE = YES;
				IPHONEOS_DEPLOYMENT_TARGET = 18.4;
				MARKETING_VERSION = 1.0;
				PRODUCT_BUNDLE_IDENTIFIER = "arng.pre-workTests";
				PRODUCT_NAME = "$(TARGET_NAME)";
				SWIFT_EMIT_LOC_STRINGS = NO;
				SWIFT_VERSION = 5.0;
				TARGETED_DEVICE_FAMILY = "1,2";
				TEST_HOST = "$(BUILT_PRODUCTS_DIR)/pre_work.app/$(BUNDLE_EXECUTABLE_FOLDER_PATH)/pre_work";
			};
			name = Release;
		};
		2577DB132DA6196E00B9A88E /* Debug */ = {
			isa = XCBuildConfiguration;
			buildSettings = {
				CODE_SIGN_STYLE = Automatic;
				CURRENT_PROJECT_VERSION = 1;
				GENERATE_INFOPLIST_FILE = YES;
				MARKETING_VERSION = 1.0;
				PRODUCT_BUNDLE_IDENTIFIER = "arng.pre-workUITests";
				PRODUCT_NAME = "$(TARGET_NAME)";
				SWIFT_EMIT_LOC_STRINGS = NO;
				SWIFT_VERSION = 5.0;
				TARGETED_DEVICE_FAMILY = "1,2";
				TEST_TARGET_NAME = pre_work;
			};
			name = Debug;
		};
		2577DB142DA6196E00B9A88E /* Release */ = {
			isa = XCBuildConfiguration;
			buildSettings = {
				CODE_SIGN_STYLE = Automatic;
				CURRENT_PROJECT_VERSION = 1;
				GENERATE_INFOPLIST_FILE = YES;
				MARKETING_VERSION = 1.0;
				PRODUCT_BUNDLE_IDENTIFIER = "arng.pre-workUITests";
				PRODUCT_NAME = "$(TARGET_NAME)";
				SWIFT_EMIT_LOC_STRINGS = NO;
				SWIFT_VERSION = 5.0;
				TARGETED_DEVICE_FAMILY = "1,2";
				TEST_TARGET_NAME = pre_work;
			};
			name = Release;
		};
/* End XCBuildConfiguration section */

/* Begin XCConfigurationList section */
		2577DADC2DA6196D00B9A88E /* Build configuration list for PBXProject "pre_work" */ = {
			isa = XCConfigurationList;
			buildConfigurations = (
				2577DB0D2DA6196E00B9A88E /* Debug */,
				2577DB0E2DA6196E00B9A88E /* Release */,
			);
			defaultConfigurationIsVisible = 0;
			defaultConfigurationName = Release;
		};
		2577DB0A2DA6196E00B9A88E /* Build configuration list for PBXNativeTarget "pre_work" */ = {
			isa = XCConfigurationList;
			buildConfigurations = (
				2577DB0B2DA6196E00B9A88E /* Debug */,
				2577DB0C2DA6196E00B9A88E /* Release */,
			);
			defaultConfigurationIsVisible = 0;
			defaultConfigurationName = Release;
		};
		2577DB0F2DA6196E00B9A88E /* Build configuration list for PBXNativeTarget "pre_workTests" */ = {
			isa = XCConfigurationList;
			buildConfigurations = (
				2577DB102DA6196E00B9A88E /* Debug */,
				2577DB112DA6196E00B9A88E /* Release */,
			);
			defaultConfigurationIsVisible = 0;
			defaultConfigurationName = Release;
		};
		2577DB122DA6196E00B9A88E /* Build configuration list for PBXNativeTarget "pre_workUITests" */ = {
			isa = XCConfigurationList;
			buildConfigurations = (
				2577DB132DA6196E00B9A88E /* Debug */,
				2577DB142DA6196E00B9A88E /* Release */,
			);
			defaultConfigurationIsVisible = 0;
			defaultConfigurationName = Release;
		};
/* End XCConfigurationList section */
	};
	rootObject = 2577DAD92DA6196D00B9A88E /* Project object */;
}
